{
  "nodes": {
    "disko": {
      "inputs": {
        "nixpkgs": [
          "nixpkgs"
        ]
      },
      "locked": {
        "lastModified": 1692199161,
        "narHash": "sha256-GqKApvQ1JCf5DzH/Q+P4nwuHb6MaQGaWTu41lYzveF4=",
        "owner": "nix-community",
        "repo": "disko",
        "rev": "4eed2457b053c4bbad7d90d2b3a1d539c2c9009c",
        "type": "github"
      },
      "original": {
        "owner": "nix-community",
        "repo": "disko",
        "type": "github"
      }
    },
    "flake-utils": {
      "inputs": {
        "systems": "systems"
      },
      "locked": {
        "lastModified": 1681202837,
        "narHash": "sha256-H+Rh19JDwRtpVPAWp64F+rlEtxUWBAQW28eAi3SRSzg=",
        "owner": "numtide",
        "repo": "flake-utils",
        "rev": "cfacdce06f30d2b68473a46042957675eebb3401",
        "type": "github"
      },
      "original": {
        "owner": "numtide",
        "repo": "flake-utils",
        "type": "github"
      }
    },
    "flake-utils_2": {
      "inputs": {
        "systems": "systems_2"
      },
      "locked": {
        "lastModified": 1681202837,
        "narHash": "sha256-H+Rh19JDwRtpVPAWp64F+rlEtxUWBAQW28eAi3SRSzg=",
        "owner": "numtide",
        "repo": "flake-utils",
        "rev": "cfacdce06f30d2b68473a46042957675eebb3401",
        "type": "github"
      },
      "original": {
        "owner": "numtide",
        "repo": "flake-utils",
        "type": "github"
      }
    },
    "hardware": {
      "locked": {
        "lastModified": 1692373088,
        "narHash": "sha256-EPgCecdc9I8aTdmDNoO1l7R72r2WPhZRcesV4nzxBj8=",
        "owner": "nixos",
        "repo": "nixos-hardware",
        "rev": "7f1836531b126cfcf584e7d7d71bf8758bb58969",
        "type": "github"
      },
      "original": {
        "owner": "nixos",
        "ref": "master",
        "repo": "nixos-hardware",
        "type": "github"
      }
    },
    "home-manager": {
      "inputs": {
        "nixpkgs": [
          "nixpkgs"
        ]
      },
      "locked": {
        "lastModified": 1694465129,
        "narHash": "sha256-8BQiuobMrCfCbGM7w6Snx+OBYdtTIm0+cGVaKwQ5BFg=",
        "owner": "nix-community",
        "repo": "home-manager",
        "rev": "9787dffff5d315c9593d3f9fb0f9bf2097e1b57b",
        "type": "github"
      },
      "original": {
        "owner": "nix-community",
        "ref": "release-23.05",
        "repo": "home-manager",
        "type": "github"
      }
    },
    "lowdown-src": {
      "flake": false,
      "locked": {
        "lastModified": 1633514407,
        "narHash": "sha256-Dw32tiMjdK9t3ETl5fzGrutQTzh2rufgZV4A/BbxuD4=",
        "owner": "kristapsdz",
        "repo": "lowdown",
        "rev": "d2c2b44ff6c27b936ec27358a2653caaef8f73b8",
        "type": "github"
      },
      "original": {
        "owner": "kristapsdz",
        "repo": "lowdown",
        "type": "github"
      }
    },
    "nix": {
      "inputs": {
        "lowdown-src": "lowdown-src",
        "nixpkgs": "nixpkgs",
        "nixpkgs-regression": "nixpkgs-regression"
      },
      "locked": {
        "lastModified": 1677847381,
        "narHash": "sha256-+gkOy4Fr1Pp75T7wN/JqIa+nwM/xv10AXBoN9M7fbEc=",
        "owner": "nixos",
        "repo": "nix",
        "rev": "1aac1884c5d5976cc74a0a4e193e0b0ca3f25dbf",
        "type": "github"
      },
      "original": {
        "owner": "nixos",
        "ref": "2.11-maintenance",
        "repo": "nix",
        "type": "github"
      }
    },
    "nix-metals": {
      "inputs": {
        "flake-utils": "flake-utils",
        "nixpkgs": [
          "nixpkgs"
        ]
      },
      "locked": {
        "lastModified": 1693305357,
        "narHash": "sha256-YawIS+ENK5Q3G+g9XalwTgjJC3xxpCvmWgrTmN59AvA=",
        "owner": "ghostbuster91",
        "repo": "nix-metals",
        "rev": "5f775e7fac01fb855a934f4a8f1d296f00eb119b",
        "type": "github"
      },
      "original": {
        "owner": "ghostbuster91",
        "ref": "stable",
        "repo": "nix-metals",
        "type": "github"
      }
    },
    "nix-smithy-ls": {
      "inputs": {
        "flake-utils": "flake-utils_2",
        "nixpkgs": [
          "nixpkgs"
        ]
      },
      "locked": {
        "lastModified": 1685607599,
        "narHash": "sha256-RliInBZD9z1bIlTDwE/XYC93dvPKQk5Vkw29t4eSAQU=",
        "owner": "ghostbuster91",
        "repo": "nix-smithy-ls",
        "rev": "b581b3c2f4b18eac08fb5686e1229deb1cd9c7f7",
        "type": "github"
      },
      "original": {
        "owner": "ghostbuster91",
        "repo": "nix-smithy-ls",
        "type": "github"
      }
    },
    "nixpkgs": {
      "locked": {
        "lastModified": 1657693803,
        "narHash": "sha256-G++2CJ9u0E7NNTAi9n5G8TdDmGJXcIjkJ3NF8cetQB8=",
        "owner": "NixOS",
        "repo": "nixpkgs",
        "rev": "365e1b3a859281cf11b94f87231adeabbdd878a2",
        "type": "github"
      },
      "original": {
        "owner": "NixOS",
        "ref": "nixos-22.05-small",
        "repo": "nixpkgs",
        "type": "github"
      }
    },
    "nixpkgs-regression": {
      "locked": {
        "lastModified": 1643052045,
        "narHash": "sha256-uGJ0VXIhWKGXxkeNnq4TvV3CIOkUJ3PAoLZ3HMzNVMw=",
        "owner": "NixOS",
        "repo": "nixpkgs",
        "rev": "215d4d0fd80ca5163643b03a33fde804a29cc1e2",
        "type": "github"
      },
      "original": {
        "owner": "NixOS",
        "repo": "nixpkgs",
        "rev": "215d4d0fd80ca5163643b03a33fde804a29cc1e2",
        "type": "github"
      }
    },
    "nixpkgs-stable": {
      "locked": {
        "lastModified": 1692492726,
        "narHash": "sha256-rld5qm2B4oRkDwcPD+yOSyTrZQdfCR6mzJGGkecjvTs=",
        "owner": "NixOS",
        "repo": "nixpkgs",
        "rev": "5e63e8bbc46bc4fc22254da1edaf42fc7549c18a",
        "type": "github"
      },
      "original": {
        "owner": "NixOS",
        "ref": "release-23.05",
        "repo": "nixpkgs",
        "type": "github"
      }
    },
    "nixpkgs-unstable": {
      "locked": {
        "lastModified": 1692447944,
        "narHash": "sha256-fkJGNjEmTPvqBs215EQU4r9ivecV5Qge5cF/QDLVn3U=",
        "owner": "nixos",
        "repo": "nixpkgs",
        "rev": "d680ded26da5cf104dd2735a51e88d2d8f487b4d",
        "type": "github"
      },
      "original": {
        "owner": "nixos",
        "ref": "nixos-unstable",
        "repo": "nixpkgs",
        "type": "github"
      }
    },
    "nixpkgs_2": {
      "locked": {
        "lastModified": 1693771906,
        "narHash": "sha256-32EnPCaVjOiEERZ+o/2Ir7JH9pkfwJZJ27SKHNvt4yk=",
        "owner": "nixos",
        "repo": "nixpkgs",
        "rev": "da5adce0ffaff10f6d0fee72a02a5ed9d01b52fc",
        "type": "github"
      },
      "original": {
        "owner": "nixos",
        "ref": "nixos-23.05",
        "repo": "nixpkgs",
        "type": "github"
      }
    },
    "openconnect-sso": {
      "flake": false,
      "locked": {
        "lastModified": 1689349020,
        "narHash": "sha256-2UVtOb0gD6wqEY/BeLZ2BCrR/qyb6M0mgf8CRNxflPA=",
        "owner": "vlaci",
        "repo": "openconnect-sso",
        "rev": "51e1eb727a93cf8b063157b7e9453dd21d3ba85f",
        "type": "github"
      },
      "original": {
        "owner": "vlaci",
        "repo": "openconnect-sso",
        "type": "github"
      }
    },
    "p_nvim-actions-preview": {
      "flake": false,
      "locked": {
        "lastModified": 1692778077,
        "narHash": "sha256-5HzyrYWGTdorG4JXMv0iQNj9EM702+8g7E18Oct1JiY=",
        "owner": "aznhe21",
        "repo": "actions-preview.nvim",
        "rev": "5650c76abfb84d6498330dd045657ba630ecdbba",
        "type": "github"
      },
      "original": {
        "owner": "aznhe21",
        "repo": "actions-preview.nvim",
        "type": "github"
      }
    },
    "p_nvim-leap": {
      "flake": false,
      "locked": {
        "lastModified": 1690120911,
        "narHash": "sha256-9GFZ5CuR92kFGwh/ouqSSp14eOLZLpzpoFTEuYL7biQ=",
        "owner": "ggandor",
        "repo": "leap.nvim",
        "rev": "5efe985cf68fac3b6a6dfe7a75fbfaca8db2af9c",
        "type": "github"
      },
      "original": {
        "owner": "ggandor",
        "repo": "leap.nvim",
        "type": "github"
      }
    },
    "p_nvim-metals": {
      "flake": false,
      "locked": {
        "lastModified": 1692279692,
        "narHash": "sha256-R1+KIbmuizUCV2wpOKptj80sA87cbwpDe3S5McHAWXs=",
        "owner": "scalameta",
        "repo": "nvim-metals",
        "rev": "57cff9a240f3337129188997887d8848fe6022ad",
        "type": "github"
      },
      "original": {
        "owner": "scalameta",
        "repo": "nvim-metals",
        "type": "github"
      }
    },
    "p_nvim-neogit": {
      "flake": false,
      "locked": {
        "lastModified": 1693858908,
        "narHash": "sha256-JphsJProBdSSVk6VTuklghEjd4lOnS0VRV+61cbmOzU=",
        "owner": "NeogitOrg",
        "repo": "neogit",
        "rev": "69482aa8404bf8b4775110393c8248e784fccbf1",
        "type": "github"
      },
      "original": {
        "owner": "NeogitOrg",
        "repo": "neogit",
        "type": "github"
      }
    },
    "p_nvim-neotree": {
      "flake": false,
      "locked": {
        "lastModified": 1693067247,
        "narHash": "sha256-gP/C1AJX2UXPZ0x8r/vMsnOjIVe7Hk977yrVb1DIrtI=",
        "owner": "nvim-neo-tree",
        "repo": "neo-tree.nvim",
        "rev": "9b5b4c874b13e372500f07c37187ba06c0c1ac0a",
        "type": "github"
      },
      "original": {
        "owner": "nvim-neo-tree",
        "ref": "v3.x",
        "repo": "neo-tree.nvim",
        "type": "github"
      }
    },
    "p_nvim-next": {
      "flake": false,
      "locked": {
        "lastModified": 1689344845,
        "narHash": "sha256-c1ZBThvPj3ep+dyg2vy4Zu7g6po8Q1N/WKGlcDDXIks=",
        "owner": "ghostbuster91",
        "repo": "nvim-next",
        "rev": "49eaf4e1731258285791669fdedcee351c59ebdc",
        "type": "github"
      },
      "original": {
        "owner": "ghostbuster91",
        "repo": "nvim-next",
        "type": "github"
      }
    },
    "p_nvim-portal": {
      "flake": false,
      "locked": {
        "lastModified": 1679764852,
        "narHash": "sha256-n5v0FoVndkPQ18ZPP1aLcg5rvCGD7AH5POpIUoZzfTo=",
        "owner": "cbochs",
        "repo": "portal.nvim",
        "rev": "a108a87639a43f5386dd70bdf512de3806a71f7d",
        "type": "github"
      },
      "original": {
        "owner": "cbochs",
        "repo": "portal.nvim",
        "type": "github"
      }
    },
    "p_nvim-smart-splits-nvim": {
      "flake": false,
      "locked": {
        "lastModified": 1687779152,
        "narHash": "sha256-mLLh8rcq5D6dA9Iwn3ULiHRG/jI4Sjct4J498C+QPO8=",
        "owner": "mrjones2014",
        "repo": "smart-splits.nvim",
        "rev": "7aad6019dee974a01333523a5b8e122b7e7da454",
        "type": "github"
      },
      "original": {
        "owner": "mrjones2014",
        "repo": "smart-splits.nvim",
        "type": "github"
      }
    },
    "p_treesitter-devicetree": {
      "flake": false,
      "locked": {
        "lastModified": 1693778550,
        "narHash": "sha256-r23ycLCR79Ow4eI8rK03B3M1loU8/7K8dDrqBIPSAS0=",
        "owner": "joelspadin",
        "repo": "tree-sitter-devicetree",
        "rev": "cc26cbf2121a27eaa72a05a795ce38aba4e0f86e",
        "type": "github"
      },
      "original": {
        "owner": "joelspadin",
        "repo": "tree-sitter-devicetree",
        "type": "github"
      }
    },
    "p_treesitter-scala": {
      "flake": false,
      "locked": {
        "lastModified": 1693548849,
        "narHash": "sha256-bi0Lqo/Zs2Uaz1efuKAARpEDg5Hm59oUe7eSXgL1Wow=",
        "owner": "tree-sitter",
        "repo": "tree-sitter-scala",
        "rev": "70afdd5632d57dd63a960972ab25945e353a52f6",
        "type": "github"
      },
      "original": {
        "owner": "tree-sitter",
        "repo": "tree-sitter-scala",
        "type": "github"
      }
    },
    "root": {
      "inputs": {
        "disko": "disko",
        "hardware": "hardware",
        "home-manager": "home-manager",
        "nix": "nix",
        "nix-metals": "nix-metals",
        "nix-smithy-ls": "nix-smithy-ls",
        "nixpkgs": "nixpkgs_2",
        "nixpkgs-unstable": "nixpkgs-unstable",
        "openconnect-sso": "openconnect-sso",
        "p_nvim-actions-preview": "p_nvim-actions-preview",
        "p_nvim-leap": "p_nvim-leap",
        "p_nvim-metals": "p_nvim-metals",
        "p_nvim-neogit": "p_nvim-neogit",
        "p_nvim-neotree": "p_nvim-neotree",
        "p_nvim-next": "p_nvim-next",
        "p_nvim-portal": "p_nvim-portal",
        "p_nvim-smart-splits-nvim": "p_nvim-smart-splits-nvim",
        "p_treesitter-devicetree": "p_treesitter-devicetree",
        "p_treesitter-scala": "p_treesitter-scala",
        "sops-nix": "sops-nix"
      }
    },
    "sops-nix": {
      "inputs": {
        "nixpkgs": [
          "nixpkgs"
        ],
        "nixpkgs-stable": "nixpkgs-stable"
      },
      "locked": {
        "lastModified": 1692500916,
        "narHash": "sha256-iKADqEOHmyi+LCJ5LzWcM2zH0DP3WHFETjX98blH0tE=",
        "owner": "Mic92",
        "repo": "sops-nix",
        "rev": "4f0f113b7dbcb92edb9c901515fcab0b91c6def7",
        "type": "github"
      },
      "original": {
        "owner": "Mic92",
        "repo": "sops-nix",
        "type": "github"
      }
    },
    "systems": {
      "locked": {
        "lastModified": 1681028828,
        "narHash": "sha256-Vy1rq5AaRuLzOxct8nz4T6wlgyUR7zLU309k9mBC768=",
        "owner": "nix-systems",
        "repo": "default",
        "rev": "da67096a3b9bf56a91d16901293e51ba5b49a27e",
        "type": "github"
      },
      "original": {
        "owner": "nix-systems",
        "repo": "default",
        "type": "github"
      }
    },
    "systems_2": {
      "locked": {
        "lastModified": 1681028828,
        "narHash": "sha256-Vy1rq5AaRuLzOxct8nz4T6wlgyUR7zLU309k9mBC768=",
        "owner": "nix-systems",
        "repo": "default",
        "rev": "da67096a3b9bf56a91d16901293e51ba5b49a27e",
        "type": "github"
      },
      "original": {
        "owner": "nix-systems",
        "repo": "default",
        "type": "github"
      }
    }
  },
  "root": "root",
  "version": 7
}
