{
  "nodes": {
    "disko": {
      "inputs": {
        "nixpkgs": [
          "nixpkgs"
        ]
      },
      "locked": {
        "lastModified": 1692199161,
        "narHash": "sha256-GqKApvQ1JCf5DzH/Q+P4nwuHb6MaQGaWTu41lYzveF4=",
        "owner": "nix-community",
        "repo": "disko",
        "rev": "4eed2457b053c4bbad7d90d2b3a1d539c2c9009c",
        "type": "github"
      },
      "original": {
        "owner": "nix-community",
        "repo": "disko",
        "type": "github"
      }
    },
    "flake-parts": {
      "inputs": {
        "nixpkgs-lib": [
          "nixpkgs"
        ]
      },
      "locked": {
        "lastModified": 1701473968,
        "narHash": "sha256-YcVE5emp1qQ8ieHUnxt1wCZCC3ZfAS+SRRWZ2TMda7E=",
        "owner": "hercules-ci",
        "repo": "flake-parts",
        "rev": "34fed993f1674c8d06d58b37ce1e0fe5eebcb9f5",
        "type": "github"
      },
      "original": {
        "owner": "hercules-ci",
        "repo": "flake-parts",
        "type": "github"
      }
    },
    "flake-parts_2": {
      "inputs": {
        "nixpkgs-lib": [
          "nix-work",
          "nixpkgs"
        ]
      },
      "locked": {
        "lastModified": 1704982712,
        "narHash": "sha256-2Ptt+9h8dczgle2Oo6z5ni5rt/uLMG47UFTR1ry/wgg=",
        "owner": "hercules-ci",
        "repo": "flake-parts",
        "rev": "07f6395285469419cf9d078f59b5b49993198c00",
        "type": "github"
      },
      "original": {
        "owner": "hercules-ci",
        "repo": "flake-parts",
        "type": "github"
      }
    },
    "flake-utils": {
      "inputs": {
        "systems": "systems_2"
      },
      "locked": {
        "lastModified": 1681202837,
        "narHash": "sha256-H+Rh19JDwRtpVPAWp64F+rlEtxUWBAQW28eAi3SRSzg=",
        "owner": "numtide",
        "repo": "flake-utils",
        "rev": "cfacdce06f30d2b68473a46042957675eebb3401",
        "type": "github"
      },
      "original": {
        "owner": "numtide",
        "repo": "flake-utils",
        "type": "github"
      }
    },
    "flake-utils_2": {
      "inputs": {
        "systems": "systems_3"
      },
      "locked": {
        "lastModified": 1681202837,
        "narHash": "sha256-H+Rh19JDwRtpVPAWp64F+rlEtxUWBAQW28eAi3SRSzg=",
        "owner": "numtide",
        "repo": "flake-utils",
        "rev": "cfacdce06f30d2b68473a46042957675eebb3401",
        "type": "github"
      },
      "original": {
        "owner": "numtide",
        "repo": "flake-utils",
        "type": "github"
      }
    },
    "hardware": {
      "locked": {
        "lastModified": 1706834982,
        "narHash": "sha256-3CfxA7gZ+DVv/N9Pvw61bV5Oe/mWfxYPyVQGqp9TMJA=",
        "owner": "nixos",
        "repo": "nixos-hardware",
        "rev": "83e571bb291161682b9c3ccd48318f115143a550",
        "type": "github"
      },
      "original": {
        "owner": "nixos",
        "ref": "master",
        "repo": "nixos-hardware",
        "type": "github"
      }
    },
    "home-manager": {
      "inputs": {
        "nixpkgs": [
          "nixpkgs"
        ]
      },
      "locked": {
        "lastModified": 1706981411,
        "narHash": "sha256-cLbLPTL1CDmETVh4p0nQtvoF+FSEjsnJTFpTxhXywhQ=",
        "owner": "nix-community",
        "repo": "home-manager",
        "rev": "652fda4ca6dafeb090943422c34ae9145787af37",
        "type": "github"
      },
      "original": {
        "owner": "nix-community",
        "ref": "release-23.11",
        "repo": "home-manager",
        "type": "github"
      }
    },
    "hyprland": {
      "inputs": {
        "hyprland-protocols": "hyprland-protocols",
        "nixpkgs": "nixpkgs",
        "systems": "systems",
        "wlroots": "wlroots",
        "xdph": "xdph"
      },
      "locked": {
        "lastModified": 1706722456,
        "narHash": "sha256-oZkX+r/dA63f09vXLk1HrCprIKtdw0LXhqG2cAw6MjA=",
        "owner": "hyprwm",
        "repo": "hyprland",
        "rev": "4f804d5f962070c531dea5025e61be8a0da8129e",
        "type": "github"
      },
      "original": {
        "owner": "hyprwm",
        "repo": "hyprland",
        "type": "github"
      }
    },
    "hyprland-protocols": {
      "inputs": {
        "nixpkgs": [
          "hyprland",
          "nixpkgs"
        ],
        "systems": [
          "hyprland",
          "systems"
        ]
      },
      "locked": {
        "lastModified": 1691753796,
        "narHash": "sha256-zOEwiWoXk3j3+EoF3ySUJmberFewWlagvewDRuWYAso=",
        "owner": "hyprwm",
        "repo": "hyprland-protocols",
        "rev": "0c2ce70625cb30aef199cb388f99e19a61a6ce03",
        "type": "github"
      },
      "original": {
        "owner": "hyprwm",
        "repo": "hyprland-protocols",
        "type": "github"
      }
    },
    "hyprlang": {
      "inputs": {
        "nixpkgs": [
          "hyprland",
          "xdph",
          "nixpkgs"
        ]
      },
      "locked": {
        "lastModified": 1704287638,
        "narHash": "sha256-TuRXJGwtK440AXQNl5eiqmQqY4LZ/9+z/R7xC0ie3iA=",
        "owner": "hyprwm",
        "repo": "hyprlang",
        "rev": "6624f2bb66d4d27975766e81f77174adbe58ec97",
        "type": "github"
      },
      "original": {
        "owner": "hyprwm",
        "repo": "hyprlang",
        "type": "github"
      }
    },
    "nix-metals": {
      "inputs": {
        "flake-utils": "flake-utils",
        "nixpkgs": [
          "nixpkgs"
        ]
      },
      "locked": {
        "lastModified": 1716106041,
        "narHash": "sha256-XMV8vANh3DjVF3l33C+sA91qXjlWFJMYH9QFGk26LtU=",
        "owner": "ghostbuster91",
        "repo": "nix-metals",
        "rev": "23b20a4283b8cc2819c0e77c35aef8f12bcdda1c",
        "type": "github"
      },
      "original": {
        "owner": "ghostbuster91",
        "ref": "stable",
        "repo": "nix-metals",
        "type": "github"
      }
    },
    "nix-smithy-ls": {
      "inputs": {
        "flake-utils": "flake-utils_2",
        "nixpkgs": [
          "nixpkgs"
        ]
      },
      "locked": {
        "lastModified": 1696246317,
        "narHash": "sha256-mWGCxfbbOWwYEQ+i1TnuSGhiy2jGDLjU48GZH7h+dpE=",
        "owner": "ghostbuster91",
        "repo": "nix-smithy-ls",
        "rev": "842cbecdd0b82fbee7c03f9a62ce4fafb7d25ee6",
        "type": "github"
      },
      "original": {
        "owner": "ghostbuster91",
        "repo": "nix-smithy-ls",
        "type": "github"
      }
    },
    "nix-work": {
      "inputs": {
        "flake-parts": "flake-parts_2",
        "home-manager": [
          "home-manager"
        ],
        "nixpkgs": [
          "nixpkgs"
        ]
      },
      "locked": {
        "lastModified": 1711649782,
        "narHash": "sha256-03y0HYBNnEhZa3KkETsojKXiT7y+Ek7o+J3zZiYKuCM=",
        "ref": "refs/heads/main",
        "rev": "e8f9b34579dab0783bc17fd432afc020f24df63b",
        "revCount": 5,
        "type": "git",
        "url": "file:///home/kghost/dev/nix-work"
      },
      "original": {
        "type": "git",
        "url": "file:///home/kghost/dev/nix-work"
      }
    },
    "nixpkgs": {
      "locked": {
        "lastModified": 1706191920,
        "narHash": "sha256-eLihrZAPZX0R6RyM5fYAWeKVNuQPYjAkCUBr+JNvtdE=",
        "owner": "NixOS",
        "repo": "nixpkgs",
        "rev": "ae5c332cbb5827f6b1f02572496b141021de335f",
        "type": "github"
      },
      "original": {
        "owner": "NixOS",
        "ref": "nixos-unstable",
        "repo": "nixpkgs",
        "type": "github"
      }
    },
    "nixpkgs-stable": {
      "locked": {
        "lastModified": 1716061101,
        "narHash": "sha256-H0eCta7ahEgloGIwE/ihkyGstOGu+kQwAiHvwVoXaA0=",
        "owner": "nixos",
        "repo": "nixpkgs",
        "rev": "e7cc61784ddf51c81487637b3031a6dd2d6673a2",
        "type": "github"
      },
      "original": {
        "owner": "nixos",
        "ref": "nixos-23.11",
        "repo": "nixpkgs",
        "type": "github"
      }
    },
    "nixpkgs-stable_2": {
      "locked": {
        "lastModified": 1702777222,
        "narHash": "sha256-/SYmqgxTYzqZnQEfbOCHCN4GzqB9uAIsR9IWLzo0/8I=",
        "owner": "NixOS",
        "repo": "nixpkgs",
        "rev": "a19a71d1ee93226fd71984359552affbc1cd3dc3",
        "type": "github"
      },
      "original": {
        "owner": "NixOS",
        "ref": "release-23.05",
        "repo": "nixpkgs",
        "type": "github"
      }
    },
    "nixpkgs-unstable": {
      "locked": {
        "lastModified": 1715961556,
        "narHash": "sha256-+NpbZRCRisUHKQJZF3CT+xn14ZZQO+KjxIIanH3Pvn4=",
        "owner": "nixos",
        "repo": "nixpkgs",
        "rev": "4a6b83b05df1a8bd7d99095ec4b4d271f2956b64",
        "type": "github"
      },
      "original": {
        "owner": "nixos",
        "ref": "nixos-unstable",
        "repo": "nixpkgs",
        "type": "github"
      }
    },
    "p_nvim-actions-preview": {
      "flake": false,
      "locked": {
        "lastModified": 1715088001,
        "narHash": "sha256-jf2Jw10HOIA91lMouKNvVYACbTxOaXAxc00AB2HydNs=",
        "owner": "aznhe21",
        "repo": "actions-preview.nvim",
        "rev": "e8d41b608e24319548637685c7cfa66fadaff2b2",
        "type": "github"
      },
      "original": {
        "owner": "aznhe21",
        "repo": "actions-preview.nvim",
        "type": "github"
      }
    },
    "p_nvim-baleia": {
      "flake": false,
      "locked": {
        "lastModified": 1704551058,
        "narHash": "sha256-0NmiGzMFvL1awYOVtiaSd+O4sAR524x68xwWLgArlqs=",
        "owner": "m00qek",
        "repo": "baleia.nvim",
        "rev": "6d9cbdaca3a428bc7296f838fdfce3ad01ee7495",
        "type": "github"
      },
      "original": {
        "owner": "m00qek",
        "repo": "baleia.nvim",
        "type": "github"
      }
    },
    "p_nvim-gp-nvim": {
      "flake": false,
      "locked": {
        "lastModified": 1711465726,
        "narHash": "sha256-nowrrgdRxxJ81xsmuUYKsbPNLTGVKO6KbSpU0U98lWE=",
        "owner": "Robitx",
        "repo": "gp.nvim",
        "rev": "52938ffbd47b5e06d0f9b7c8b146f26d6021fbac",
        "type": "github"
      },
      "original": {
        "owner": "Robitx",
        "repo": "gp.nvim",
        "type": "github"
      }
    },
    "p_nvim-hover": {
      "flake": false,
      "locked": {
        "lastModified": 1714924161,
        "narHash": "sha256-UQg/z7CCv5wWBlfX1wdASGfG6/bbJZVTOqUQQ51O7rQ=",
        "owner": "lewis6991",
        "repo": "hover.nvim",
        "rev": "82684ebd5f2a812d6d05a629b14109618b54cbfc",
        "type": "github"
      },
      "original": {
        "owner": "lewis6991",
        "repo": "hover.nvim",
        "type": "github"
      }
    },
    "p_nvim-leap": {
      "flake": false,
      "locked": {
        "lastModified": 1716207448,
        "narHash": "sha256-O/wN5v8GhlEECBIhJQvWhKcpQrqT7J+BNkd/fIh0TIQ=",
        "owner": "ggandor",
        "repo": "leap.nvim",
        "rev": "8f4d3ab9fe5c906c5745150191831c5ee0a427a0",
        "type": "github"
      },
      "original": {
        "owner": "ggandor",
        "repo": "leap.nvim",
        "type": "github"
      }
    },
    "p_nvim-metals": {
      "flake": false,
      "locked": {
        "lastModified": 1716636339,
        "narHash": "sha256-VQOolBCVYZ1T71REjgD7X/+txd1awmdGgW154hc30Y8=",
        "owner": "scalameta",
        "repo": "nvim-metals",
        "rev": "1b87e6bfa4174b5fbaee9ca7ec79d8eae8df7f18",
        "type": "github"
      },
      "original": {
        "owner": "scalameta",
        "repo": "nvim-metals",
        "type": "github"
      }
    },
    "p_nvim-neogit": {
      "flake": false,
      "locked": {
        "lastModified": 1716151803,
        "narHash": "sha256-fqMC0GpPinE+4gFNbnWDN0tv0brkVrKvleN0cJrM5o0=",
        "owner": "NeogitOrg",
        "repo": "neogit",
        "rev": "b93316d15c590377f50ca61e70e9129e4aa9b848",
        "type": "github"
      },
      "original": {
        "owner": "NeogitOrg",
        "repo": "neogit",
        "type": "github"
      }
    },
    "p_nvim-next": {
      "flake": false,
      "locked": {
        "lastModified": 1695474755,
        "narHash": "sha256-dcyg1kjmaHmWyjks485+2KuFcFXjWq8q5GYNu+gMaSc=",
        "owner": "ghostbuster91",
        "repo": "nvim-next",
        "rev": "21171249be2c70b0ccd4c6f8c3eb2a6534e9f10f",
        "type": "github"
      },
      "original": {
        "owner": "ghostbuster91",
        "repo": "nvim-next",
        "type": "github"
      }
    },
    "p_nvim-portal": {
      "flake": false,
      "locked": {
        "lastModified": 1679764852,
        "narHash": "sha256-n5v0FoVndkPQ18ZPP1aLcg5rvCGD7AH5POpIUoZzfTo=",
        "owner": "cbochs",
        "repo": "portal.nvim",
        "rev": "a108a87639a43f5386dd70bdf512de3806a71f7d",
        "type": "github"
      },
      "original": {
        "owner": "cbochs",
        "repo": "portal.nvim",
        "type": "github"
      }
    },
    "p_nvim-scratch": {
      "flake": false,
      "locked": {
        "lastModified": 1702815802,
        "narHash": "sha256-YgbGR4iDZTyd5HGY1rEy5PzlhsHzJ4SnCtkNkstoa4M=",
        "owner": "ghostbuster91",
        "repo": "scratch.nvim",
        "rev": "843a7709d91eee7fd39181eaf59e4b2bae4584e4",
        "type": "github"
      },
      "original": {
        "owner": "ghostbuster91",
        "repo": "scratch.nvim",
        "type": "github"
      }
    },
    "p_nvim-smart-splits-nvim": {
      "flake": false,
      "locked": {
        "lastModified": 1716569604,
        "narHash": "sha256-VuZcyL7WEgRave+2pHEGZotIoXwvKmO6N/nmKi7LXSo=",
        "owner": "mrjones2014",
        "repo": "smart-splits.nvim",
        "rev": "c29547c7f144adc3387f2717626422e6b0027a08",
        "type": "github"
      },
      "original": {
        "owner": "mrjones2014",
        "repo": "smart-splits.nvim",
        "type": "github"
      }
    },
    "p_nvim-substitute": {
      "flake": false,
      "locked": {
        "lastModified": 1700202535,
        "narHash": "sha256-gR2WaBnqTSeBxMuUTjii+BOI0T8+C+poAofk17/Jxkk=",
        "owner": "gbprod",
        "repo": "substitute.nvim",
        "rev": "17ffaeb5a1dc2dbef39cf0865d8a4b6000836714",
        "type": "github"
      },
      "original": {
        "owner": "gbprod",
        "repo": "substitute.nvim",
        "type": "github"
      }
    },
    "p_nvim-telescope-livegrep-args": {
      "flake": false,
      "locked": {
        "lastModified": 1716197506,
        "narHash": "sha256-a5IaLd7q9vRJmfiXux7xvXg6vPNouV2+ShdqY/vbHnw=",
        "owner": "nvim-telescope",
        "repo": "telescope-live-grep-args.nvim",
        "rev": "4122e146d199c0d6d1cfb359c76bc1250d522460",
        "type": "github"
      },
      "original": {
        "owner": "nvim-telescope",
        "repo": "telescope-live-grep-args.nvim",
        "type": "github"
      }
    },
    "p_nvim-tree-lua": {
      "flake": false,
      "locked": {
        "lastModified": 1717246294,
        "narHash": "sha256-TdecJ13Nw188g2idPxUsWC+FVS/J63X+RAW7iBRKqJw=",
        "owner": "ghostbuster91",
        "repo": "nvim-tree.lua",
        "rev": "8cdcde4e253e76ff033c3a241097ec4e12866c6d",
        "type": "github"
      },
      "original": {
        "owner": "ghostbuster91",
        "ref": "expand_until",
        "repo": "nvim-tree.lua",
        "type": "github"
      }
    },
    "p_treesitter-devicetree": {
      "flake": false,
      "locked": {
        "lastModified": 1710565885,
        "narHash": "sha256-DKC+aUkdz2eGrXCXzW751aleG4Fxwmjn2KetTCOQRDY=",
        "owner": "joelspadin",
        "repo": "tree-sitter-devicetree",
        "rev": "fb07e6044ffd36932c57a5be01ba5d6b8a9337bb",
        "type": "github"
      },
      "original": {
        "owner": "joelspadin",
        "repo": "tree-sitter-devicetree",
        "type": "github"
      }
    },
    "p_treesitter-hocon": {
      "flake": false,
      "locked": {
        "lastModified": 1667813940,
        "narHash": "sha256-9Zo3YYoo9mJ4Buyj7ofSrlZURrwstBo0vgzeTq1jMGw=",
        "owner": "antosha417",
        "repo": "tree-sitter-hocon",
        "rev": "c390f10519ae69fdb03b3e5764f5592fb6924bcc",
        "type": "github"
      },
      "original": {
        "owner": "antosha417",
        "repo": "tree-sitter-hocon",
        "type": "github"
      }
    },
    "p_treesitter-scala": {
      "flake": false,
      "locked": {
        "lastModified": 1713255218,
        "narHash": "sha256-AZ1YIsnw3x84T2ubwWoekfy98L2GdgQP0R3tM8DEXLM=",
        "owner": "tree-sitter",
        "repo": "tree-sitter-scala",
        "rev": "b76db435a7f876cf1ede837d66054c534783c72f",
        "type": "github"
      },
      "original": {
        "owner": "tree-sitter",
        "repo": "tree-sitter-scala",
        "type": "github"
      }
    },
    "p_treesitter-xml": {
      "flake": false,
      "locked": {
        "lastModified": 1715323308,
        "narHash": "sha256-O40z5VYmFeE8pkJ85Vu5DWV31YslIrwD80+4qnpoRNY=",
        "owner": "tree-sitter-grammars",
        "repo": "tree-sitter-xml",
        "rev": "648183d86f6f8ffb240ea11b4c6873f6f45d8b67",
        "type": "github"
      },
      "original": {
        "owner": "tree-sitter-grammars",
        "repo": "tree-sitter-xml",
        "type": "github"
      }
    },
    "root": {
      "inputs": {
        "disko": "disko",
        "flake-parts": "flake-parts",
        "hardware": "hardware",
        "home-manager": "home-manager",
        "hyprland": "hyprland",
        "nix-metals": "nix-metals",
        "nix-smithy-ls": "nix-smithy-ls",
        "nix-work": "nix-work",
        "nixpkgs": [
          "nixpkgs-stable"
        ],
        "nixpkgs-stable": "nixpkgs-stable",
        "nixpkgs-unstable": "nixpkgs-unstable",
        "p_nvim-actions-preview": "p_nvim-actions-preview",
        "p_nvim-baleia": "p_nvim-baleia",
        "p_nvim-gp-nvim": "p_nvim-gp-nvim",
        "p_nvim-hover": "p_nvim-hover",
        "p_nvim-leap": "p_nvim-leap",
        "p_nvim-metals": "p_nvim-metals",
        "p_nvim-neogit": "p_nvim-neogit",
        "p_nvim-next": "p_nvim-next",
        "p_nvim-portal": "p_nvim-portal",
        "p_nvim-scratch": "p_nvim-scratch",
        "p_nvim-smart-splits-nvim": "p_nvim-smart-splits-nvim",
        "p_nvim-substitute": "p_nvim-substitute",
        "p_nvim-telescope-livegrep-args": "p_nvim-telescope-livegrep-args",
        "p_nvim-tree-lua": "p_nvim-tree-lua",
        "p_treesitter-devicetree": "p_treesitter-devicetree",
        "p_treesitter-hocon": "p_treesitter-hocon",
        "p_treesitter-scala": "p_treesitter-scala",
        "p_treesitter-xml": "p_treesitter-xml",
        "sops": "sops",
        "treefmt-nix": "treefmt-nix"
      }
    },
    "sops": {
      "inputs": {
        "nixpkgs": [
          "nixpkgs"
        ],
        "nixpkgs-stable": "nixpkgs-stable_2"
      },
      "locked": {
        "lastModified": 1702812162,
        "narHash": "sha256-18cKptpAAfkatdQgjO5SZXZsbc1IVPRoYx2AxaiooL4=",
        "owner": "Mic92",
        "repo": "sops-nix",
        "rev": "21f2b8f123a1601fef3cf6bbbdf5171257290a77",
        "type": "github"
      },
      "original": {
        "owner": "Mic92",
        "repo": "sops-nix",
        "type": "github"
      }
    },
    "systems": {
      "locked": {
        "lastModified": 1689347949,
        "narHash": "sha256-12tWmuL2zgBgZkdoB6qXZsgJEH9LR3oUgpaQq2RbI80=",
        "owner": "nix-systems",
        "repo": "default-linux",
        "rev": "31732fcf5e8fea42e59c2488ad31a0e651500f68",
        "type": "github"
      },
      "original": {
        "owner": "nix-systems",
        "repo": "default-linux",
        "type": "github"
      }
    },
    "systems_2": {
      "locked": {
        "lastModified": 1681028828,
        "narHash": "sha256-Vy1rq5AaRuLzOxct8nz4T6wlgyUR7zLU309k9mBC768=",
        "owner": "nix-systems",
        "repo": "default",
        "rev": "da67096a3b9bf56a91d16901293e51ba5b49a27e",
        "type": "github"
      },
      "original": {
        "owner": "nix-systems",
        "repo": "default",
        "type": "github"
      }
    },
    "systems_3": {
      "locked": {
        "lastModified": 1681028828,
        "narHash": "sha256-Vy1rq5AaRuLzOxct8nz4T6wlgyUR7zLU309k9mBC768=",
        "owner": "nix-systems",
        "repo": "default",
        "rev": "da67096a3b9bf56a91d16901293e51ba5b49a27e",
        "type": "github"
      },
      "original": {
        "owner": "nix-systems",
        "repo": "default",
        "type": "github"
      }
    },
    "treefmt-nix": {
      "inputs": {
        "nixpkgs": [
          "nixpkgs"
        ]
      },
      "locked": {
        "lastModified": 1702461037,
        "narHash": "sha256-ssyGxfGHRuuLHuMex+vV6RMOt7nAo07nwufg9L5GkLg=",
        "owner": "numtide",
        "repo": "treefmt-nix",
        "rev": "d06b70e5163a903f19009c3f97770014787a080f",
        "type": "github"
      },
      "original": {
        "owner": "numtide",
        "repo": "treefmt-nix",
        "type": "github"
      }
    },
    "wlroots": {
      "flake": false,
      "locked": {
        "host": "gitlab.freedesktop.org",
        "lastModified": 1706359063,
        "narHash": "sha256-5HUTG0p+nCJv3cn73AmFHRZdfRV5AD5N43g8xAePSKM=",
        "owner": "wlroots",
        "repo": "wlroots",
        "rev": "00b869c1a96f300a8f25da95d624524895e0ddf2",
        "type": "gitlab"
      },
      "original": {
        "host": "gitlab.freedesktop.org",
        "owner": "wlroots",
        "repo": "wlroots",
        "rev": "00b869c1a96f300a8f25da95d624524895e0ddf2",
        "type": "gitlab"
      }
    },
    "xdph": {
      "inputs": {
        "hyprland-protocols": [
          "hyprland",
          "hyprland-protocols"
        ],
        "hyprlang": "hyprlang",
        "nixpkgs": [
          "hyprland",
          "nixpkgs"
        ],
        "systems": [
          "hyprland",
          "systems"
        ]
      },
      "locked": {
        "lastModified": 1706145785,
        "narHash": "sha256-j9MP4fv2U/vdRKAXXc2gyMTmYwVnHP6kHx1/y6jprrU=",
        "owner": "hyprwm",
        "repo": "xdg-desktop-portal-hyprland",
        "rev": "5a592647587cd20b9692a347df6939b6d371b3bb",
        "type": "github"
      },
      "original": {
        "owner": "hyprwm",
        "repo": "xdg-desktop-portal-hyprland",
        "type": "github"
      }
    }
  },
  "root": "root",
  "version": 7
}
